
Microsoft Visual Studio Solution File, Format Version 12.00
# Visual Studio Version 17
VisualStudioVersion = 17.3.32825.248
MinimumVisualStudioVersion = 10.0.40219.1
Project("{8BC9CEB8-8B4A-11D0-8D11-00A0C91BC942}") = "Ticker", "Ticker\Ticker.vcxproj", "{8F954D25-2935-45AE-855F-0CDC1DD598CD}"
EndProject
Project("{8BC9CEB8-8B4A-11D0-8D11-00A0C91BC942}") = "CustomerInfoDialog", "CustomerInfoDialog\CustomerInfoDialog.vcxproj", "{6BF60201-DC5E-422F-82F3-15F8C49483F9}"
EndProject
Global
	GlobalSection(SolutionConfigurationPlatforms) = preSolution
		Debug|x64 = Debug|x64
		Release|x64 = Release|x64
	EndGlobalSection
	GlobalSection(ProjectConfigurationPlatforms) = postSolution
		{8F954D25-2935-45AE-855F-0CDC1DD598CD}.Debug|x64.ActiveCfg = Debug|x64
		{8F954D25-2935-45AE-855F-0CDC1DD598CD}.Debug|x64.Build.0 = Debug|x64
		{8F954D25-2935-45AE-855F-0CDC1DD598CD}.Release|x64.ActiveCfg = Release|x64
		{8F954D25-2935-45AE-855F-0CDC1DD598CD}.Release|x64.Build.0 = Release|x64
		{6BF60201-DC5E-422F-82F3-15F8C49483F9}.Debug|x64.ActiveCfg = Debug|x64
		{6BF60201-DC5E-422F-82F3-15F8C49483F9}.Debug|x64.Build.0 = Debug|x64
		{6BF60201-DC5E-422F-82F3-15F8C49483F9}.Release|x64.ActiveCfg = Release|x64
		{6BF60201-DC5E-422F-82F3-15F8C49483F9}.Release|x64.Build.0 = Release|x64
	EndGlobalSection
	GlobalSection(SolutionProperties) = preSolution
		HideSolutionNode = FALSE
	EndGlobalSection
	GlobalSection(ExtensibilityGlobals) = postSolution
		SolutionGuid = {74760F0D-65D6-415F-90BD-5EDE50AEAE35}
	EndGlobalSection
EndGlobal
