
Microsoft Visual Studio Solution File, Format Version 12.00
# Visual Studio Version 17
VisualStudioVersion = 17.3.32901.215
MinimumVisualStudioVersion = 10.0.40219.1
Project("{8BC9CEB8-8B4A-11D0-8D11-00A0C91BC942}") = "Thread", "Thread\Thread.vcxproj", "{60321BC3-CC5E-42B7-9C2E-4ACA6D8F1CBB}"
EndProject
Project("{8BC9CEB8-8B4A-11D0-8D11-00A0C91BC942}") = "ComsumerProducer", "ComsumerProducer\ComsumerProducer.vcxproj", "{48B0F836-48E7-4E78-8D67-C59009D9B6B4}"
EndProject
Project("{8BC9CEB8-8B4A-11D0-8D11-00A0C91BC942}") = "ComsumerProducerWaitCond", "ComsumerProducerWaitCond\ComsumerProducerWaitCond.vcxproj", "{7E4BBF5B-73C7-4E45-9D5B-4B1202934005}"
EndProject
Project("{8BC9CEB8-8B4A-11D0-8D11-00A0C91BC942}") = "Image Pro", "Image Pro\Image Pro.vcxproj", "{51296540-F12B-4CCF-969E-30B6CB6FC68D}"
EndProject
Global
	GlobalSection(SolutionConfigurationPlatforms) = preSolution
		Debug|x64 = Debug|x64
		Release|x64 = Release|x64
	EndGlobalSection
	GlobalSection(ProjectConfigurationPlatforms) = postSolution
		{60321BC3-CC5E-42B7-9C2E-4ACA6D8F1CBB}.Debug|x64.ActiveCfg = Debug|x64
		{60321BC3-CC5E-42B7-9C2E-4ACA6D8F1CBB}.Debug|x64.Build.0 = Debug|x64
		{60321BC3-CC5E-42B7-9C2E-4ACA6D8F1CBB}.Release|x64.ActiveCfg = Release|x64
		{60321BC3-CC5E-42B7-9C2E-4ACA6D8F1CBB}.Release|x64.Build.0 = Release|x64
		{48B0F836-48E7-4E78-8D67-C59009D9B6B4}.Debug|x64.ActiveCfg = Debug|x64
		{48B0F836-48E7-4E78-8D67-C59009D9B6B4}.Debug|x64.Build.0 = Debug|x64
		{48B0F836-48E7-4E78-8D67-C59009D9B6B4}.Release|x64.ActiveCfg = Release|x64
		{48B0F836-48E7-4E78-8D67-C59009D9B6B4}.Release|x64.Build.0 = Release|x64
		{7E4BBF5B-73C7-4E45-9D5B-4B1202934005}.Debug|x64.ActiveCfg = Debug|x64
		{7E4BBF5B-73C7-4E45-9D5B-4B1202934005}.Debug|x64.Build.0 = Debug|x64
		{7E4BBF5B-73C7-4E45-9D5B-4B1202934005}.Release|x64.ActiveCfg = Release|x64
		{7E4BBF5B-73C7-4E45-9D5B-4B1202934005}.Release|x64.Build.0 = Release|x64
		{51296540-F12B-4CCF-969E-30B6CB6FC68D}.Debug|x64.ActiveCfg = Debug|x64
		{51296540-F12B-4CCF-969E-30B6CB6FC68D}.Debug|x64.Build.0 = Debug|x64
		{51296540-F12B-4CCF-969E-30B6CB6FC68D}.Release|x64.ActiveCfg = Release|x64
		{51296540-F12B-4CCF-969E-30B6CB6FC68D}.Release|x64.Build.0 = Release|x64
	EndGlobalSection
	GlobalSection(SolutionProperties) = preSolution
		HideSolutionNode = FALSE
	EndGlobalSection
	GlobalSection(ExtensibilityGlobals) = postSolution
		SolutionGuid = {01D89E39-BD52-4B52-910D-627A51419E7F}
	EndGlobalSection
EndGlobal
