
Microsoft Visual Studio Solution File, Format Version 12.00
# Visual Studio Version 17
VisualStudioVersion = 17.3.32825.248
MinimumVisualStudioVersion = 10.0.40219.1
Project("{8BC9CEB8-8B4A-11D0-8D11-00A0C91BC942}") = "1.1", "1.1\1.1.vcxproj", "{0BCBA0A1-3713-4903-9897-DA4C07BA4FC4}"
EndProject
Project("{8BC9CEB8-8B4A-11D0-8D11-00A0C91BC942}") = "1.2", "1.2\1.2.vcxproj", "{54BA6368-F44A-4F27-ABBD-29161980E95C}"
EndProject
Project("{8BC9CEB8-8B4A-11D0-8D11-00A0C91BC942}") = "1.3", "1.3\1.3.vcxproj", "{DE851C3D-775F-4DB4-85D7-EB891F90CB7D}"
EndProject
Global
	GlobalSection(SolutionConfigurationPlatforms) = preSolution
		Debug|x64 = Debug|x64
		Release|x64 = Release|x64
	EndGlobalSection
	GlobalSection(ProjectConfigurationPlatforms) = postSolution
		{0BCBA0A1-3713-4903-9897-DA4C07BA4FC4}.Debug|x64.ActiveCfg = Debug|x64
		{0BCBA0A1-3713-4903-9897-DA4C07BA4FC4}.Debug|x64.Build.0 = Debug|x64
		{0BCBA0A1-3713-4903-9897-DA4C07BA4FC4}.Release|x64.ActiveCfg = Release|x64
		{0BCBA0A1-3713-4903-9897-DA4C07BA4FC4}.Release|x64.Build.0 = Release|x64
		{54BA6368-F44A-4F27-ABBD-29161980E95C}.Debug|x64.ActiveCfg = Debug|x64
		{54BA6368-F44A-4F27-ABBD-29161980E95C}.Debug|x64.Build.0 = Debug|x64
		{54BA6368-F44A-4F27-ABBD-29161980E95C}.Release|x64.ActiveCfg = Release|x64
		{54BA6368-F44A-4F27-ABBD-29161980E95C}.Release|x64.Build.0 = Release|x64
		{DE851C3D-775F-4DB4-85D7-EB891F90CB7D}.Debug|x64.ActiveCfg = Debug|x64
		{DE851C3D-775F-4DB4-85D7-EB891F90CB7D}.Debug|x64.Build.0 = Debug|x64
		{DE851C3D-775F-4DB4-85D7-EB891F90CB7D}.Release|x64.ActiveCfg = Release|x64
		{DE851C3D-775F-4DB4-85D7-EB891F90CB7D}.Release|x64.Build.0 = Release|x64
	EndGlobalSection
	GlobalSection(SolutionProperties) = preSolution
		HideSolutionNode = FALSE
	EndGlobalSection
	GlobalSection(ExtensibilityGlobals) = postSolution
		SolutionGuid = {7581C6D8-71E7-4028-8690-978795BF704B}
	EndGlobalSection
EndGlobal
